// !$*UTF8*$!
{
	archiveVersion = 1;
	classes = {
	};
	objectVersion = 55;
	objects = {

/* Begin PBXBuildFile section */
		EB564D4F282E284E0088D7E5 /* AppDelegate.swift in Sources */ = {isa = PBXBuildFile; fileRef = EB564D4E282E284E0088D7E5 /* AppDelegate.swift */; };
		EB564D51282E284E0088D7E5 /* SceneDelegate.swift in Sources */ = {isa = PBXBuildFile; fileRef = EB564D50282E284E0088D7E5 /* SceneDelegate.swift */; };
		EB564D53282E284E0088D7E5 /* ViewController.swift in Sources */ = {isa = PBXBuildFile; fileRef = EB564D52282E284E0088D7E5 /* ViewController.swift */; };
		EB564D56282E284E0088D7E5 /* Main.storyboard in Resources */ = {isa = PBXBuildFile; fileRef = EB564D54282E284E0088D7E5 /* Main.storyboard */; };
		EB564D58282E284F0088D7E5 /* Assets.xcassets in Resources */ = {isa = PBXBuildFile; fileRef = EB564D57282E284F0088D7E5 /* Assets.xcassets */; };
		EB564D5B282E284F0088D7E5 /* LaunchScreen.storyboard in Resources */ = {isa = PBXBuildFile; fileRef = EB564D59282E284F0088D7E5 /* LaunchScreen.storyboard */; };
/* End PBXBuildFile section */

/* Begin PBXFileReference section */
		EB269251284A333C008638DB /* _type_casting.playground */ = {isa = PBXFileReference; lastKnownFileType = file.playground; path = _type_casting.playground; sourceTree = "<group>"; xcLanguageSpecificationIdentifier = xcode.lang.swift; };
		EB380344284DD3A600EB3511 /* _assert_guard.playground */ = {isa = PBXFileReference; lastKnownFileType = file.playground; path = _assert_guard.playground; sourceTree = "<group>"; xcLanguageSpecificationIdentifier = xcode.lang.swift; };
		EB3B6380283D03B70019608C /* _optional.playground */ = {isa = PBXFileReference; lastKnownFileType = file.playground; path = _optional.playground; sourceTree = "<group>"; xcLanguageSpecificationIdentifier = xcode.lang.swift; };
		EB436FFC2834BD85009AC3AE /* _Any_AnyObject_nil.playground */ = {isa = PBXFileReference; lastKnownFileType = file.playground; path = _Any_AnyObject_nil.playground; sourceTree = "<group>"; xcLanguageSpecificationIdentifier = xcode.lang.swift; };
		EB436FFE2834C143009AC3AE /* _collection_types.playground */ = {isa = PBXFileReference; lastKnownFileType = file.playground; path = _collection_types.playground; sourceTree = "<group>"; xcLanguageSpecificationIdentifier = xcode.lang.swift; };
		EB564D4B282E284E0088D7E5 /* SwiftStudy.app */ = {isa = PBXFileReference; explicitFileType = wrapper.application; includeInIndex = 0; path = SwiftStudy.app; sourceTree = BUILT_PRODUCTS_DIR; };
		EB564D4E282E284E0088D7E5 /* AppDelegate.swift */ = {isa = PBXFileReference; lastKnownFileType = sourcecode.swift; path = AppDelegate.swift; sourceTree = "<group>"; };
		EB564D50282E284E0088D7E5 /* SceneDelegate.swift */ = {isa = PBXFileReference; lastKnownFileType = sourcecode.swift; path = SceneDelegate.swift; sourceTree = "<group>"; };
		EB564D52282E284E0088D7E5 /* ViewController.swift */ = {isa = PBXFileReference; lastKnownFileType = sourcecode.swift; path = ViewController.swift; sourceTree = "<group>"; };
		EB564D55282E284E0088D7E5 /* Base */ = {isa = PBXFileReference; lastKnownFileType = file.storyboard; name = Base; path = Base.lproj/Main.storyboard; sourceTree = "<group>"; };
		EB564D57282E284F0088D7E5 /* Assets.xcassets */ = {isa = PBXFileReference; lastKnownFileType = folder.assetcatalog; path = Assets.xcassets; sourceTree = "<group>"; };
		EB564D5A282E284F0088D7E5 /* Base */ = {isa = PBXFileReference; lastKnownFileType = file.storyboard; name = Base; path = Base.lproj/LaunchScreen.storyboard; sourceTree = "<group>"; };
		EB564D5C282E284F0088D7E5 /* Info.plist */ = {isa = PBXFileReference; lastKnownFileType = text.plist.xml; path = Info.plist; sourceTree = "<group>"; };
		EB564D64282E28C30088D7E5 /* stringInterpolation.playground */ = {isa = PBXFileReference; lastKnownFileType = file.playground; path = stringInterpolation.playground; sourceTree = "<group>"; xcLanguageSpecificationIdentifier = xcode.lang.swift; };
		EB59F2BF28431E06001D5AC7 /* _property.playground */ = {isa = PBXFileReference; lastKnownFileType = file.playground; path = _property.playground; sourceTree = "<group>"; xcLanguageSpecificationIdentifier = xcode.lang.swift; };
		EB59F2C128432612001D5AC7 /* _property_observer.playground */ = {isa = PBXFileReference; lastKnownFileType = file.playground; path = _property_observer.playground; sourceTree = "<group>"; xcLanguageSpecificationIdentifier = xcode.lang.swift; };
		EB5C60832844BBC000F968B9 /* _inheritance.playground */ = {isa = PBXFileReference; lastKnownFileType = file.playground; path = _inheritance.playground; sourceTree = "<group>"; xcLanguageSpecificationIdentifier = xcode.lang.swift; };
		EB5C60852844D17300F968B9 /* _init_deinit.playground */ = {isa = PBXFileReference; lastKnownFileType = file.playground; path = _init_deinit.playground; sourceTree = "<group>"; xcLanguageSpecificationIdentifier = xcode.lang.swift; };
		EB6D8AC8284F614900023ED9 /* _protocol.playground */ = {isa = PBXFileReference; lastKnownFileType = file.playground; path = _protocol.playground; sourceTree = "<group>"; xcLanguageSpecificationIdentifier = xcode.lang.swift; };
		EB725F7A283DCAFA008DFA19 /* _struct.playground */ = {isa = PBXFileReference; lastKnownFileType = file.playground; path = _struct.playground; sourceTree = "<group>"; xcLanguageSpecificationIdentifier = xcode.lang.swift; };
		EB725F7C283DD137008DFA19 /* _class.playground */ = {isa = PBXFileReference; lastKnownFileType = file.playground; path = _class.playground; sourceTree = "<group>"; xcLanguageSpecificationIdentifier = xcode.lang.swift; };
		EB8ACD6428410F0F000EB2BE /* _enum.playground */ = {isa = PBXFileReference; lastKnownFileType = file.playground; path = _enum.playground; sourceTree = "<group>"; xcLanguageSpecificationIdentifier = xcode.lang.swift; };
		EB8ACD67284118E7000EB2BE /* _value_reference.playground */ = {isa = PBXFileReference; lastKnownFileType = file.playground; path = _value_reference.playground; sourceTree = "<group>"; xcLanguageSpecificationIdentifier = xcode.lang.swift; };
		EBAF12122837D55C00325442 /* _conditional.playground */ = {isa = PBXFileReference; lastKnownFileType = file.playground; path = _conditional.playground; sourceTree = "<group>"; xcLanguageSpecificationIdentifier = xcode.lang.swift; };
		EBAF12142837D57A00325442 /* _loop.playground */ = {isa = PBXFileReference; lastKnownFileType = file.playground; path = _loop.playground; sourceTree = "<group>"; xcLanguageSpecificationIdentifier = xcode.lang.swift; };
		EBB75DB42835F72B005DC6EB /* _function_Basic.playground */ = {isa = PBXFileReference; lastKnownFileType = file.playground; path = _function_Basic.playground; sourceTree = "<group>"; xcLanguageSpecificationIdentifier = xcode.lang.swift; };
		EBB75DB52835FBB4005DC6EB /* _function_advanced.playground */ = {isa = PBXFileReference; lastKnownFileType = file.playground; path = _function_advanced.playground; sourceTree = "<group>"; xcLanguageSpecificationIdentifier = xcode.lang.swift; };
		EBB9FDC72830CE8A00B7A09D /* let_var.playground */ = {isa = PBXFileReference; lastKnownFileType = file.playground; path = let_var.playground; sourceTree = "<group>"; xcLanguageSpecificationIdentifier = xcode.lang.swift; };
		EBB9FDC92830D2EA00B7A09D /* _data_types.playground */ = {isa = PBXFileReference; lastKnownFileType = file.playground; path = _data_types.playground; sourceTree = "<group>"; xcLanguageSpecificationIdentifier = xcode.lang.swift; };
		EBBE46422848B454008144D8 /* _optional_chaining.playground */ = {isa = PBXFileReference; lastKnownFileType = file.playground; path = _optional_chaining.playground; sourceTree = "<group>"; xcLanguageSpecificationIdentifier = xcode.lang.swift; };
		EBED690E2841F9AE005EF1AC /* _closure.playground */ = {isa = PBXFileReference; lastKnownFileType = file.playground; path = _closure.playground; sourceTree = "<group>"; xcLanguageSpecificationIdentifier = xcode.lang.swift; };
		EBED69102841FDE6005EF1AC /* _advanced_closure.playground */ = {isa = PBXFileReference; lastKnownFileType = file.playground; path = _advanced_closure.playground; sourceTree = "<group>"; xcLanguageSpecificationIdentifier = xcode.lang.swift; };
/* End PBXFileReference section */

/* Begin PBXFrameworksBuildPhase section */
		EB564D48282E284E0088D7E5 /* Frameworks */ = {
			isa = PBXFrameworksBuildPhase;
			buildActionMask = 2147483647;
			files = (
			);
			runOnlyForDeploymentPostprocessing = 0;
		};
/* End PBXFrameworksBuildPhase section */

/* Begin PBXGroup section */
		EB269250284A3315008638DB /* _type_casting */ = {
			isa = PBXGroup;
			children = (
				EB269251284A333C008638DB /* _type_casting.playground */,
			);
			path = _type_casting;
			sourceTree = "<group>";
		};
		EB380343284DD37D00EB3511 /* _assert_guard */ = {
			isa = PBXGroup;
			children = (
				EB380344284DD3A600EB3511 /* _assert_guard.playground */,
			);
			path = _assert_guard;
			sourceTree = "<group>";
		};
		EB3B637F283D036A0019608C /* _optional */ = {
			isa = PBXGroup;
			children = (
				EB3B6380283D03B70019608C /* _optional.playground */,
			);
			path = _optional;
			sourceTree = "<group>";
		};
		EB436FFB2834BD4C009AC3AE /* _Any_AnyObject_nil */ = {
			isa = PBXGroup;
			children = (
				EB436FFC2834BD85009AC3AE /* _Any_AnyObject_nil.playground */,
			);
			path = _Any_AnyObject_nil;
			sourceTree = "<group>";
		};
		EB436FFD2834C0D1009AC3AE /* _collection_types */ = {
			isa = PBXGroup;
			children = (
				EB436FFE2834C143009AC3AE /* _collection_types.playground */,
			);
			path = _collection_types;
			sourceTree = "<group>";
		};
		EB564D42282E284E0088D7E5 = {
			isa = PBXGroup;
			children = (
				EB564D4D282E284E0088D7E5 /* SwiftStudy */,
				EB564D4C282E284E0088D7E5 /* Products */,
			);
			sourceTree = "<group>";
		};
		EB564D4C282E284E0088D7E5 /* Products */ = {
			isa = PBXGroup;
			children = (
				EB564D4B282E284E0088D7E5 /* SwiftStudy.app */,
			);
			name = Products;
			sourceTree = "<group>";
		};
		EB564D4D282E284E0088D7E5 /* SwiftStudy */ = {
			isa = PBXGroup;
			children = (
				EB6D8AC7284F610400023ED9 /* _protocol */,
				EB380343284DD37D00EB3511 /* _assert_guard */,
				EB269250284A3315008638DB /* _type_casting */,
				EBBE46412848B415008144D8 /* _optional_chaining */,
				EB5C60842844D15100F968B9 /* _init_deinit */,
				EB5C60822844BB9B00F968B9 /* _inheritance */,
				EB59F2C0284325DD001D5AC7 /* _property_observer */,
				EB59F2BE28431DEE001D5AC7 /* _property */,
				EBED690F2841FDB0005EF1AC /* _advanced_closure */,
				EBED690D2841F976005EF1AC /* _closure */,
				EB8ACD65284118B1000EB2BE /* _value_reference */,
				EB8ACD6328410EF6000EB2BE /* _enum */,
				EB725F7B283DD124008DFA19 /* _class */,
				EB725F79283DCADF008DFA19 /* _struct */,
				EB3B637F283D036A0019608C /* _optional */,
				EBAF12132837D56300325442 /* _loop */,
				EBAF12112837D54D00325442 /* _conditional */,
				EBB75DB32835F6DA005DC6EB /* _function */,
				EB436FFD2834C0D1009AC3AE /* _collection_types */,
				EB436FFB2834BD4C009AC3AE /* _Any_AnyObject_nil */,
				EBB9FDC82830D2AB00B7A09D /* _data_types */,
				EBB9FDC62830CDAD00B7A09D /* _let_var */,
				EB564D63282E28700088D7E5 /* Stringinterpolation */,
				EB564D62282E28560088D7E5 /* Base Group */,
				EB564D5C282E284F0088D7E5 /* Info.plist */,
			);
			path = SwiftStudy;
			sourceTree = "<group>";
		};
		EB564D62282E28560088D7E5 /* Base Group */ = {
			isa = PBXGroup;
			children = (
				EB564D4E282E284E0088D7E5 /* AppDelegate.swift */,
				EB564D50282E284E0088D7E5 /* SceneDelegate.swift */,
				EB564D52282E284E0088D7E5 /* ViewController.swift */,
				EB564D54282E284E0088D7E5 /* Main.storyboard */,
				EB564D57282E284F0088D7E5 /* Assets.xcassets */,
				EB564D59282E284F0088D7E5 /* LaunchScreen.storyboard */,
			);
			path = "Base Group";
			sourceTree = "<group>";
		};
		EB564D63282E28700088D7E5 /* Stringinterpolation */ = {
			isa = PBXGroup;
			children = (
				EB564D64282E28C30088D7E5 /* stringInterpolation.playground */,
			);
			path = Stringinterpolation;
			sourceTree = "<group>";
		};
		EB59F2BE28431DEE001D5AC7 /* _property */ = {
			isa = PBXGroup;
			children = (
				EB59F2BF28431E06001D5AC7 /* _property.playground */,
			);
			path = _property;
			sourceTree = "<group>";
		};
		EB59F2C0284325DD001D5AC7 /* _property_observer */ = {
			isa = PBXGroup;
			children = (
				EB59F2C128432612001D5AC7 /* _property_observer.playground */,
			);
			path = _property_observer;
			sourceTree = "<group>";
		};
		EB5C60822844BB9B00F968B9 /* _inheritance */ = {
			isa = PBXGroup;
			children = (
				EB5C60832844BBC000F968B9 /* _inheritance.playground */,
			);
			path = _inheritance;
			sourceTree = "<group>";
		};
		EB5C60842844D15100F968B9 /* _init_deinit */ = {
			isa = PBXGroup;
			children = (
				EB5C60852844D17300F968B9 /* _init_deinit.playground */,
			);
			path = _init_deinit;
			sourceTree = "<group>";
		};
		EB6D8AC7284F610400023ED9 /* _protocol */ = {
			isa = PBXGroup;
			children = (
				EB6D8AC8284F614900023ED9 /* _protocol.playground */,
			);
			path = _protocol;
			sourceTree = "<group>";
		};
		EB725F79283DCADF008DFA19 /* _struct */ = {
			isa = PBXGroup;
			children = (
				EB725F7A283DCAFA008DFA19 /* _struct.playground */,
			);
			path = _struct;
			sourceTree = "<group>";
		};
		EB725F7B283DD124008DFA19 /* _class */ = {
			isa = PBXGroup;
			children = (
				EB725F7C283DD137008DFA19 /* _class.playground */,
			);
			path = _class;
			sourceTree = "<group>";
		};
		EB8ACD6328410EF6000EB2BE /* _enum */ = {
			isa = PBXGroup;
			children = (
				EB8ACD6428410F0F000EB2BE /* _enum.playground */,
			);
			path = _enum;
			sourceTree = "<group>";
		};
		EB8ACD65284118B1000EB2BE /* _value_reference */ = {
			isa = PBXGroup;
			children = (
				EB8ACD67284118E7000EB2BE /* _value_reference.playground */,
			);
			path = _value_reference;
			sourceTree = "<group>";
		};
		EBAF12112837D54D00325442 /* _conditional */ = {
			isa = PBXGroup;
			children = (
				EBAF12122837D55C00325442 /* _conditional.playground */,
			);
			path = _conditional;
			sourceTree = "<group>";
		};
		EBAF12132837D56300325442 /* _loop */ = {
			isa = PBXGroup;
			children = (
				EBAF12142837D57A00325442 /* _loop.playground */,
			);
			path = _loop;
			sourceTree = "<group>";
		};
		EBB75DB32835F6DA005DC6EB /* _function */ = {
			isa = PBXGroup;
			children = (
				EBB75DB42835F72B005DC6EB /* _function_Basic.playground */,
				EBB75DB52835FBB4005DC6EB /* _function_advanced.playground */,
			);
			path = _function;
			sourceTree = "<group>";
		};
		EBB9FDC62830CDAD00B7A09D /* _let_var */ = {
			isa = PBXGroup;
			children = (
				EBB9FDC72830CE8A00B7A09D /* let_var.playground */,
			);
			path = _let_var;
			sourceTree = "<group>";
		};
		EBB9FDC82830D2AB00B7A09D /* _data_types */ = {
			isa = PBXGroup;
			children = (
				EBB9FDC92830D2EA00B7A09D /* _data_types.playground */,
			);
			path = _data_types;
			sourceTree = "<group>";
		};
		EBBE46412848B415008144D8 /* _optional_chaining */ = {
			isa = PBXGroup;
			children = (
				EBBE46422848B454008144D8 /* _optional_chaining.playground */,
			);
			path = _optional_chaining;
			sourceTree = "<group>";
		};
		EBED690D2841F976005EF1AC /* _closure */ = {
			isa = PBXGroup;
			children = (
				EBED690E2841F9AE005EF1AC /* _closure.playground */,
			);
			path = _closure;
			sourceTree = "<group>";
		};
		EBED690F2841FDB0005EF1AC /* _advanced_closure */ = {
			isa = PBXGroup;
			children = (
				EBED69102841FDE6005EF1AC /* _advanced_closure.playground */,
			);
			path = _advanced_closure;
			sourceTree = "<group>";
		};
/* End PBXGroup section */

/* Begin PBXNativeTarget section */
		EB564D4A282E284E0088D7E5 /* SwiftStudy */ = {
			isa = PBXNativeTarget;
			buildConfigurationList = EB564D5F282E284F0088D7E5 /* Build configuration list for PBXNativeTarget "SwiftStudy" */;
			buildPhases = (
				EB564D47282E284E0088D7E5 /* Sources */,
				EB564D48282E284E0088D7E5 /* Frameworks */,
				EB564D49282E284E0088D7E5 /* Resources */,
			);
			buildRules = (
			);
			dependencies = (
			);
			name = SwiftStudy;
			productName = SwiftStudy;
			productReference = EB564D4B282E284E0088D7E5 /* SwiftStudy.app */;
			productType = "com.apple.product-type.application";
		};
/* End PBXNativeTarget section */

/* Begin PBXProject section */
		EB564D43282E284E0088D7E5 /* Project object */ = {
			isa = PBXProject;
			attributes = {
				BuildIndependentTargetsInParallel = 1;
				LastSwiftUpdateCheck = 1330;
				LastUpgradeCheck = 1330;
				TargetAttributes = {
					EB564D4A282E284E0088D7E5 = {
						CreatedOnToolsVersion = 13.3.1;
					};
				};
			};
			buildConfigurationList = EB564D46282E284E0088D7E5 /* Build configuration list for PBXProject "SwiftStudy" */;
			compatibilityVersion = "Xcode 13.0";
			developmentRegion = en;
			hasScannedForEncodings = 0;
			knownRegions = (
				en,
				Base,
			);
			mainGroup = EB564D42282E284E0088D7E5;
			productRefGroup = EB564D4C282E284E0088D7E5 /* Products */;
			projectDirPath = "";
			projectRoot = "";
			targets = (
				EB564D4A282E284E0088D7E5 /* SwiftStudy */,
			);
		};
/* End PBXProject section */

/* Begin PBXResourcesBuildPhase section */
		EB564D49282E284E0088D7E5 /* Resources */ = {
			isa = PBXResourcesBuildPhase;
			buildActionMask = 2147483647;
			files = (
				EB564D5B282E284F0088D7E5 /* LaunchScreen.storyboard in Resources */,
				EB564D58282E284F0088D7E5 /* Assets.xcassets in Resources */,
				EB564D56282E284E0088D7E5 /* Main.storyboard in Resources */,
			);
			runOnlyForDeploymentPostprocessing = 0;
		};
/* End PBXResourcesBuildPhase section */

/* Begin PBXSourcesBuildPhase section */
		EB564D47282E284E0088D7E5 /* Sources */ = {
			isa = PBXSourcesBuildPhase;
			buildActionMask = 2147483647;
			files = (
				EB564D53282E284E0088D7E5 /* ViewController.swift in Sources */,
				EB564D4F282E284E0088D7E5 /* AppDelegate.swift in Sources */,
				EB564D51282E284E0088D7E5 /* SceneDelegate.swift in Sources */,
			);
			runOnlyForDeploymentPostprocessing = 0;
		};
/* End PBXSourcesBuildPhase section */

/* Begin PBXVariantGroup section */
		EB564D54282E284E0088D7E5 /* Main.storyboard */ = {
			isa = PBXVariantGroup;
			children = (
				EB564D55282E284E0088D7E5 /* Base */,
			);
			name = Main.storyboard;
			sourceTree = "<group>";
		};
		EB564D59282E284F0088D7E5 /* LaunchScreen.storyboard */ = {
			isa = PBXVariantGroup;
			children = (
				EB564D5A282E284F0088D7E5 /* Base */,
			);
			name = LaunchScreen.storyboard;
			sourceTree = "<group>";
		};
/* End PBXVariantGroup section */

/* Begin XCBuildConfiguration section */
		EB564D5D282E284F0088D7E5 /* Debug */ = {
			isa = XCBuildConfiguration;
			buildSettings = {
				ALWAYS_SEARCH_USER_PATHS = NO;
				CLANG_ANALYZER_NONNULL = YES;
				CLANG_ANALYZER_NUMBER_OBJECT_CONVERSION = YES_AGGRESSIVE;
				CLANG_CXX_LANGUAGE_STANDARD = "gnu++17";
				CLANG_ENABLE_MODULES = YES;
				CLANG_ENABLE_OBJC_ARC = YES;
				CLANG_ENABLE_OBJC_WEAK = YES;
				CLANG_WARN_BLOCK_CAPTURE_AUTORELEASING = YES;
				CLANG_WARN_BOOL_CONVERSION = YES;
				CLANG_WARN_COMMA = YES;
				CLANG_WARN_CONSTANT_CONVERSION = YES;
				CLANG_WARN_DEPRECATED_OBJC_IMPLEMENTATIONS = YES;
				CLANG_WARN_DIRECT_OBJC_ISA_USAGE = YES_ERROR;
				CLANG_WARN_DOCUMENTATION_COMMENTS = YES;
				CLANG_WARN_EMPTY_BODY = YES;
				CLANG_WARN_ENUM_CONVERSION = YES;
				CLANG_WARN_INFINITE_RECURSION = YES;
				CLANG_WARN_INT_CONVERSION = YES;
				CLANG_WARN_NON_LITERAL_NULL_CONVERSION = YES;
				CLANG_WARN_OBJC_IMPLICIT_RETAIN_SELF = YES;
				CLANG_WARN_OBJC_LITERAL_CONVERSION = YES;
				CLANG_WARN_OBJC_ROOT_CLASS = YES_ERROR;
				CLANG_WARN_QUOTED_INCLUDE_IN_FRAMEWORK_HEADER = YES;
				CLANG_WARN_RANGE_LOOP_ANALYSIS = YES;
				CLANG_WARN_STRICT_PROTOTYPES = YES;
				CLANG_WARN_SUSPICIOUS_MOVE = YES;
				CLANG_WARN_UNGUARDED_AVAILABILITY = YES_AGGRESSIVE;
				CLANG_WARN_UNREACHABLE_CODE = YES;
				CLANG_WARN__DUPLICATE_METHOD_MATCH = YES;
				COPY_PHASE_STRIP = NO;
				DEBUG_INFORMATION_FORMAT = dwarf;
				ENABLE_STRICT_OBJC_MSGSEND = YES;
				ENABLE_TESTABILITY = YES;
				GCC_C_LANGUAGE_STANDARD = gnu11;
				GCC_DYNAMIC_NO_PIC = NO;
				GCC_NO_COMMON_BLOCKS = YES;
				GCC_OPTIMIZATION_LEVEL = 0;
				GCC_PREPROCESSOR_DEFINITIONS = (
					"DEBUG=1",
					"$(inherited)",
				);
				GCC_WARN_64_TO_32_BIT_CONVERSION = YES;
				GCC_WARN_ABOUT_RETURN_TYPE = YES_ERROR;
				GCC_WARN_UNDECLARED_SELECTOR = YES;
				GCC_WARN_UNINITIALIZED_AUTOS = YES_AGGRESSIVE;
				GCC_WARN_UNUSED_FUNCTION = YES;
				GCC_WARN_UNUSED_VARIABLE = YES;
				IPHONEOS_DEPLOYMENT_TARGET = 15.4;
				MTL_ENABLE_DEBUG_INFO = INCLUDE_SOURCE;
				MTL_FAST_MATH = YES;
				ONLY_ACTIVE_ARCH = YES;
				SDKROOT = iphoneos;
				SWIFT_ACTIVE_COMPILATION_CONDITIONS = DEBUG;
				SWIFT_OPTIMIZATION_LEVEL = "-Onone";
			};
			name = Debug;
		};
		EB564D5E282E284F0088D7E5 /* Release */ = {
			isa = XCBuildConfiguration;
			buildSettings = {
				ALWAYS_SEARCH_USER_PATHS = NO;
				CLANG_ANALYZER_NONNULL = YES;
				CLANG_ANALYZER_NUMBER_OBJECT_CONVERSION = YES_AGGRESSIVE;
				CLANG_CXX_LANGUAGE_STANDARD = "gnu++17";
				CLANG_ENABLE_MODULES = YES;
				CLANG_ENABLE_OBJC_ARC = YES;
				CLANG_ENABLE_OBJC_WEAK = YES;
				CLANG_WARN_BLOCK_CAPTURE_AUTORELEASING = YES;
				CLANG_WARN_BOOL_CONVERSION = YES;
				CLANG_WARN_COMMA = YES;
				CLANG_WARN_CONSTANT_CONVERSION = YES;
				CLANG_WARN_DEPRECATED_OBJC_IMPLEMENTATIONS = YES;
				CLANG_WARN_DIRECT_OBJC_ISA_USAGE = YES_ERROR;
				CLANG_WARN_DOCUMENTATION_COMMENTS = YES;
				CLANG_WARN_EMPTY_BODY = YES;
				CLANG_WARN_ENUM_CONVERSION = YES;
				CLANG_WARN_INFINITE_RECURSION = YES;
				CLANG_WARN_INT_CONVERSION = YES;
				CLANG_WARN_NON_LITERAL_NULL_CONVERSION = YES;
				CLANG_WARN_OBJC_IMPLICIT_RETAIN_SELF = YES;
				CLANG_WARN_OBJC_LITERAL_CONVERSION = YES;
				CLANG_WARN_OBJC_ROOT_CLASS = YES_ERROR;
				CLANG_WARN_QUOTED_INCLUDE_IN_FRAMEWORK_HEADER = YES;
				CLANG_WARN_RANGE_LOOP_ANALYSIS = YES;
				CLANG_WARN_STRICT_PROTOTYPES = YES;
				CLANG_WARN_SUSPICIOUS_MOVE = YES;
				CLANG_WARN_UNGUARDED_AVAILABILITY = YES_AGGRESSIVE;
				CLANG_WARN_UNREACHABLE_CODE = YES;
				CLANG_WARN__DUPLICATE_METHOD_MATCH = YES;
				COPY_PHASE_STRIP = NO;
				DEBUG_INFORMATION_FORMAT = "dwarf-with-dsym";
				ENABLE_NS_ASSERTIONS = NO;
				ENABLE_STRICT_OBJC_MSGSEND = YES;
				GCC_C_LANGUAGE_STANDARD = gnu11;
				GCC_NO_COMMON_BLOCKS = YES;
				GCC_WARN_64_TO_32_BIT_CONVERSION = YES;
				GCC_WARN_ABOUT_RETURN_TYPE = YES_ERROR;
				GCC_WARN_UNDECLARED_SELECTOR = YES;
				GCC_WARN_UNINITIALIZED_AUTOS = YES_AGGRESSIVE;
				GCC_WARN_UNUSED_FUNCTION = YES;
				GCC_WARN_UNUSED_VARIABLE = YES;
				IPHONEOS_DEPLOYMENT_TARGET = 15.4;
				MTL_ENABLE_DEBUG_INFO = NO;
				MTL_FAST_MATH = YES;
				SDKROOT = iphoneos;
				SWIFT_COMPILATION_MODE = wholemodule;
				SWIFT_OPTIMIZATION_LEVEL = "-O";
				VALIDATE_PRODUCT = YES;
			};
			name = Release;
		};
		EB564D60282E284F0088D7E5 /* Debug */ = {
			isa = XCBuildConfiguration;
			buildSettings = {
				ASSETCATALOG_COMPILER_APPICON_NAME = AppIcon;
				ASSETCATALOG_COMPILER_GLOBAL_ACCENT_COLOR_NAME = AccentColor;
				CODE_SIGN_STYLE = Automatic;
				CURRENT_PROJECT_VERSION = 1;
				DEVELOPMENT_TEAM = VKGAQDGK5R;
				GENERATE_INFOPLIST_FILE = YES;
				INFOPLIST_FILE = SwiftStudy/Info.plist;
				INFOPLIST_KEY_UIApplicationSupportsIndirectInputEvents = YES;
				INFOPLIST_KEY_UILaunchStoryboardName = LaunchScreen;
				INFOPLIST_KEY_UIMainStoryboardFile = Main;
				INFOPLIST_KEY_UISupportedInterfaceOrientations_iPad = "UIInterfaceOrientationPortrait UIInterfaceOrientationPortraitUpsideDown UIInterfaceOrientationLandscapeLeft UIInterfaceOrientationLandscapeRight";
				INFOPLIST_KEY_UISupportedInterfaceOrientations_iPhone = "UIInterfaceOrientationPortrait UIInterfaceOrientationLandscapeLeft UIInterfaceOrientationLandscapeRight";
				LD_RUNPATH_SEARCH_PATHS = (
					"$(inherited)",
					"@executable_path/Frameworks",
				);
				MARKETING_VERSION = 1.0;
				PRODUCT_BUNDLE_IDENTIFIER = com.Dong.SwiftStudy;
				PRODUCT_NAME = "$(TARGET_NAME)";
				SWIFT_EMIT_LOC_STRINGS = YES;
				SWIFT_VERSION = 5.0;
				TARGETED_DEVICE_FAMILY = "1,2";
			};
			name = Debug;
		};
		EB564D61282E284F0088D7E5 /* Release */ = {
			isa = XCBuildConfiguration;
			buildSettings = {
				ASSETCATALOG_COMPILER_APPICON_NAME = AppIcon;
				ASSETCATALOG_COMPILER_GLOBAL_ACCENT_COLOR_NAME = AccentColor;
				CODE_SIGN_STYLE = Automatic;
				CURRENT_PROJECT_VERSION = 1;
				DEVELOPMENT_TEAM = VKGAQDGK5R;
				GENERATE_INFOPLIST_FILE = YES;
				INFOPLIST_FILE = SwiftStudy/Info.plist;
				INFOPLIST_KEY_UIApplicationSupportsIndirectInputEvents = YES;
				INFOPLIST_KEY_UILaunchStoryboardName = LaunchScreen;
				INFOPLIST_KEY_UIMainStoryboardFile = Main;
				INFOPLIST_KEY_UISupportedInterfaceOrientations_iPad = "UIInterfaceOrientationPortrait UIInterfaceOrientationPortraitUpsideDown UIInterfaceOrientationLandscapeLeft UIInterfaceOrientationLandscapeRight";
				INFOPLIST_KEY_UISupportedInterfaceOrientations_iPhone = "UIInterfaceOrientationPortrait UIInterfaceOrientationLandscapeLeft UIInterfaceOrientationLandscapeRight";
				LD_RUNPATH_SEARCH_PATHS = (
					"$(inherited)",
					"@executable_path/Frameworks",
				);
				MARKETING_VERSION = 1.0;
				PRODUCT_BUNDLE_IDENTIFIER = com.Dong.SwiftStudy;
				PRODUCT_NAME = "$(TARGET_NAME)";
				SWIFT_EMIT_LOC_STRINGS = YES;
				SWIFT_VERSION = 5.0;
				TARGETED_DEVICE_FAMILY = "1,2";
			};
			name = Release;
		};
/* End XCBuildConfiguration section */

/* Begin XCConfigurationList section */
		EB564D46282E284E0088D7E5 /* Build configuration list for PBXProject "SwiftStudy" */ = {
			isa = XCConfigurationList;
			buildConfigurations = (
				EB564D5D282E284F0088D7E5 /* Debug */,
				EB564D5E282E284F0088D7E5 /* Release */,
			);
			defaultConfigurationIsVisible = 0;
			defaultConfigurationName = Release;
		};
		EB564D5F282E284F0088D7E5 /* Build configuration list for PBXNativeTarget "SwiftStudy" */ = {
			isa = XCConfigurationList;
			buildConfigurations = (
				EB564D60282E284F0088D7E5 /* Debug */,
				EB564D61282E284F0088D7E5 /* Release */,
			);
			defaultConfigurationIsVisible = 0;
			defaultConfigurationName = Release;
		};
/* End XCConfigurationList section */
	};
	rootObject = EB564D43282E284E0088D7E5 /* Project object */;
}
